
Microsoft Visual Studio Solution File, Format Version 12.00
# Visual Studio Version 17
VisualStudioVersion = 17.1.32328.378
MinimumVisualStudioVersion = 10.0.40219.1
Project("{2150E333-8FDC-42A3-9474-1A3956D46DE8}") = "Entities", "Entities", "{7BCA62F7-DE17-4089-8A69-566D29E149AE}"
EndProject
Project("{2150E333-8FDC-42A3-9474-1A3956D46DE8}") = "Data", "Data", "{F805A04D-192E-4DE3-A53E-5D8F27F8A6FD}"
EndProject
Project("{2150E333-8FDC-42A3-9474-1A3956D46DE8}") = "Services", "Services", "{B5385F34-DDF5-403D-ACC2-0AA88C16AD1C}"
EndProject
Project("{2150E333-8FDC-42A3-9474-1A3956D46DE8}") = "Test", "Test", "{B0C252FE-25DD-4034-98B3-463CB16EBE93}"
EndProject
Project("{2150E333-8FDC-42A3-9474-1A3956D46DE8}") = "Application", "Application", "{57E7CC7A-223A-40B7-A8D0-67EE96BDFF68}"
EndProject
Project("{9A19103F-16F7-4668-BE54-9A1E7A4F7556}") = "ListaDistribucion.Web", "ListaDistribucion.Web\ListaDistribucion.Web.csproj", "{F3D3155D-A4BE-48D2-B0B7-4A49A7335612}"
EndProject
Project("{9A19103F-16F7-4668-BE54-9A1E7A4F7556}") = "LD.DataGB", "LD.DataBLUNET\LD.DataGB.csproj", "{1781AE7F-2282-4092-8CD6-4E1759068CBA}"
EndProject
Project("{9A19103F-16F7-4668-BE54-9A1E7A4F7556}") = "LD.EntitiesGB", "LD.EntitiesBLUNET\LD.EntitiesGB.csproj", "{19A2D0AD-4CEB-4AD4-A4B3-FEF9613ECF05}"
EndProject
Project("{9A19103F-16F7-4668-BE54-9A1E7A4F7556}") = "LD.DataLD", "LD.DataLD\LD.DataLD.csproj", "{37E87167-41A1-42F4-8A6B-4A9B35B54570}"
EndProject
Project("{9A19103F-16F7-4668-BE54-9A1E7A4F7556}") = "LD.EntitiesLD", "LD.EntitiesLD\LD.EntitiesLD.csproj", "{48BFDAA4-4F96-407A-8B63-158F8EBB487A}"
EndProject
Project("{2150E333-8FDC-42A3-9474-1A3956D46DE8}") = "Repositories", "Repositories", "{544BE0C9-5B18-4752-B1A3-69D63A68BE70}"
EndProject
Project("{9A19103F-16F7-4668-BE54-9A1E7A4F7556}") = "LD.Repositories", "Repositories\LD.Repositories.csproj", "{2933B2CA-DD09-4055-AE87-9711C97C1CEB}"
EndProject
Project("{9A19103F-16F7-4668-BE54-9A1E7A4F7556}") = "LD.Entities", "LD.Entities\LD.Entities.csproj", "{799CBDD5-5567-4CEC-9553-FD8D664B3000}"
EndProject
Project("{9A19103F-16F7-4668-BE54-9A1E7A4F7556}") = "LD.DataBODTER", "LD.DataBTERCEROS\LD.DataBODTER.csproj", "{1775A4C5-C151-4FDB-BC91-BAC7B6F3EC19}"
EndProject
Project("{9A19103F-16F7-4668-BE54-9A1E7A4F7556}") = "LD.EntitiesBODTER", "LD.EntitiesBTERCEROS\LD.EntitiesBODTER.csproj", "{9FE2993B-CAEF-45A1-A75A-8E25ED1DB83E}"
EndProject
Project("{9A19103F-16F7-4668-BE54-9A1E7A4F7556}") = "LD.Services", "LD.Services\LD.Services.csproj", "{3D35EA76-A485-4DFD-87C7-BA4E388CDE20}"
EndProject
Project("{2150E333-8FDC-42A3-9474-1A3956D46DE8}") = "Utilities", "Utilities", "{CB8CFE66-70EE-42FD-9621-B3E0C0F675A0}"
EndProject
Project("{9A19103F-16F7-4668-BE54-9A1E7A4F7556}") = "LD.Utilities", "LD.Utilities\LD.Utilities.csproj", "{3F2CEC51-B233-4E42-9CE6-B893796C8BF8}"
EndProject
Project("{2150E333-8FDC-42A3-9474-1A3956D46DE8}") = "Integrations", "Integrations", "{8D1BF29B-44AD-438C-9F36-6F792D4B00CD}"
EndProject
Project("{9A19103F-16F7-4668-BE54-9A1E7A4F7556}") = "LD.Integrations", "LD.Integration.SaleForce\LD.Integrations.csproj", "{DC726280-2CD1-4C32-81BE-853B2DC61F1A}"
EndProject
Project("{9A19103F-16F7-4668-BE54-9A1E7A4F7556}") = "LD.DataCotizador", "LD.DataCotizador\LD.DataCotizador.csproj", "{217D46C8-1C9B-46A8-BAC6-D49A7F249ED0}"
EndProject
Project("{9A19103F-16F7-4668-BE54-9A1E7A4F7556}") = "LD.EntitiesCotizador", "LD.EntitiesCotizador\LD.EntitiesCotizador.csproj", "{8875CA49-B41E-47F7-95C0-AB2D27DCD726}"
EndProject
Project("{FAE04EC0-301F-11D3-BF4B-00C04F79EFBC}") = "LD.Test", "LD.Test\LD.Test.csproj", "{3529AAE6-01D0-4B77-9CD6-0584AB67772C}"
EndProject
Global
	GlobalSection(SolutionConfigurationPlatforms) = preSolution
		Debug|Any CPU = Debug|Any CPU
		Release|Any CPU = Release|Any CPU
	EndGlobalSection
	GlobalSection(ProjectConfigurationPlatforms) = postSolution
		{F3D3155D-A4BE-48D2-B0B7-4A49A7335612}.Debug|Any CPU.ActiveCfg = Debug|Any CPU
		{F3D3155D-A4BE-48D2-B0B7-4A49A7335612}.Debug|Any CPU.Build.0 = Debug|Any CPU
		{F3D3155D-A4BE-48D2-B0B7-4A49A7335612}.Release|Any CPU.ActiveCfg = Release|Any CPU
		{F3D3155D-A4BE-48D2-B0B7-4A49A7335612}.Release|Any CPU.Build.0 = Release|Any CPU
		{1781AE7F-2282-4092-8CD6-4E1759068CBA}.Debug|Any CPU.ActiveCfg = Debug|Any CPU
		{1781AE7F-2282-4092-8CD6-4E1759068CBA}.Debug|Any CPU.Build.0 = Debug|Any CPU
		{1781AE7F-2282-4092-8CD6-4E1759068CBA}.Release|Any CPU.ActiveCfg = Release|Any CPU
		{1781AE7F-2282-4092-8CD6-4E1759068CBA}.Release|Any CPU.Build.0 = Release|Any CPU
		{19A2D0AD-4CEB-4AD4-A4B3-FEF9613ECF05}.Debug|Any CPU.ActiveCfg = Debug|Any CPU
		{19A2D0AD-4CEB-4AD4-A4B3-FEF9613ECF05}.Debug|Any CPU.Build.0 = Debug|Any CPU
		{19A2D0AD-4CEB-4AD4-A4B3-FEF9613ECF05}.Release|Any CPU.ActiveCfg = Release|Any CPU
		{19A2D0AD-4CEB-4AD4-A4B3-FEF9613ECF05}.Release|Any CPU.Build.0 = Release|Any CPU
		{37E87167-41A1-42F4-8A6B-4A9B35B54570}.Debug|Any CPU.ActiveCfg = Debug|Any CPU
		{37E87167-41A1-42F4-8A6B-4A9B35B54570}.Debug|Any CPU.Build.0 = Debug|Any CPU
		{37E87167-41A1-42F4-8A6B-4A9B35B54570}.Release|Any CPU.ActiveCfg = Release|Any CPU
		{37E87167-41A1-42F4-8A6B-4A9B35B54570}.Release|Any CPU.Build.0 = Release|Any CPU
		{48BFDAA4-4F96-407A-8B63-158F8EBB487A}.Debug|Any CPU.ActiveCfg = Debug|Any CPU
		{48BFDAA4-4F96-407A-8B63-158F8EBB487A}.Debug|Any CPU.Build.0 = Debug|Any CPU
		{48BFDAA4-4F96-407A-8B63-158F8EBB487A}.Release|Any CPU.ActiveCfg = Release|Any CPU
		{48BFDAA4-4F96-407A-8B63-158F8EBB487A}.Release|Any CPU.Build.0 = Release|Any CPU
		{2933B2CA-DD09-4055-AE87-9711C97C1CEB}.Debug|Any CPU.ActiveCfg = Debug|Any CPU
		{2933B2CA-DD09-4055-AE87-9711C97C1CEB}.Debug|Any CPU.Build.0 = Debug|Any CPU
		{2933B2CA-DD09-4055-AE87-9711C97C1CEB}.Release|Any CPU.ActiveCfg = Release|Any CPU
		{2933B2CA-DD09-4055-AE87-9711C97C1CEB}.Release|Any CPU.Build.0 = Release|Any CPU
		{799CBDD5-5567-4CEC-9553-FD8D664B3000}.Debug|Any CPU.ActiveCfg = Debug|Any CPU
		{799CBDD5-5567-4CEC-9553-FD8D664B3000}.Debug|Any CPU.Build.0 = Debug|Any CPU
		{799CBDD5-5567-4CEC-9553-FD8D664B3000}.Release|Any CPU.ActiveCfg = Release|Any CPU
		{799CBDD5-5567-4CEC-9553-FD8D664B3000}.Release|Any CPU.Build.0 = Release|Any CPU
		{1775A4C5-C151-4FDB-BC91-BAC7B6F3EC19}.Debug|Any CPU.ActiveCfg = Debug|Any CPU
		{1775A4C5-C151-4FDB-BC91-BAC7B6F3EC19}.Debug|Any CPU.Build.0 = Debug|Any CPU
		{1775A4C5-C151-4FDB-BC91-BAC7B6F3EC19}.Release|Any CPU.ActiveCfg = Release|Any CPU
		{1775A4C5-C151-4FDB-BC91-BAC7B6F3EC19}.Release|Any CPU.Build.0 = Release|Any CPU
		{9FE2993B-CAEF-45A1-A75A-8E25ED1DB83E}.Debug|Any CPU.ActiveCfg = Debug|Any CPU
		{9FE2993B-CAEF-45A1-A75A-8E25ED1DB83E}.Debug|Any CPU.Build.0 = Debug|Any CPU
		{9FE2993B-CAEF-45A1-A75A-8E25ED1DB83E}.Release|Any CPU.ActiveCfg = Release|Any CPU
		{9FE2993B-CAEF-45A1-A75A-8E25ED1DB83E}.Release|Any CPU.Build.0 = Release|Any CPU
		{3D35EA76-A485-4DFD-87C7-BA4E388CDE20}.Debug|Any CPU.ActiveCfg = Debug|Any CPU
		{3D35EA76-A485-4DFD-87C7-BA4E388CDE20}.Debug|Any CPU.Build.0 = Debug|Any CPU
		{3D35EA76-A485-4DFD-87C7-BA4E388CDE20}.Release|Any CPU.ActiveCfg = Release|Any CPU
		{3D35EA76-A485-4DFD-87C7-BA4E388CDE20}.Release|Any CPU.Build.0 = Release|Any CPU
		{3F2CEC51-B233-4E42-9CE6-B893796C8BF8}.Debug|Any CPU.ActiveCfg = Debug|Any CPU
		{3F2CEC51-B233-4E42-9CE6-B893796C8BF8}.Debug|Any CPU.Build.0 = Debug|Any CPU
		{3F2CEC51-B233-4E42-9CE6-B893796C8BF8}.Release|Any CPU.ActiveCfg = Release|Any CPU
		{3F2CEC51-B233-4E42-9CE6-B893796C8BF8}.Release|Any CPU.Build.0 = Release|Any CPU
		{DC726280-2CD1-4C32-81BE-853B2DC61F1A}.Debug|Any CPU.ActiveCfg = Debug|Any CPU
		{DC726280-2CD1-4C32-81BE-853B2DC61F1A}.Debug|Any CPU.Build.0 = Debug|Any CPU
		{DC726280-2CD1-4C32-81BE-853B2DC61F1A}.Release|Any CPU.ActiveCfg = Release|Any CPU
		{DC726280-2CD1-4C32-81BE-853B2DC61F1A}.Release|Any CPU.Build.0 = Release|Any CPU
		{217D46C8-1C9B-46A8-BAC6-D49A7F249ED0}.Debug|Any CPU.ActiveCfg = Debug|Any CPU
		{217D46C8-1C9B-46A8-BAC6-D49A7F249ED0}.Debug|Any CPU.Build.0 = Debug|Any CPU
		{217D46C8-1C9B-46A8-BAC6-D49A7F249ED0}.Release|Any CPU.ActiveCfg = Release|Any CPU
		{217D46C8-1C9B-46A8-BAC6-D49A7F249ED0}.Release|Any CPU.Build.0 = Release|Any CPU
		{8875CA49-B41E-47F7-95C0-AB2D27DCD726}.Debug|Any CPU.ActiveCfg = Debug|Any CPU
		{8875CA49-B41E-47F7-95C0-AB2D27DCD726}.Debug|Any CPU.Build.0 = Debug|Any CPU
		{8875CA49-B41E-47F7-95C0-AB2D27DCD726}.Release|Any CPU.ActiveCfg = Release|Any CPU
		{8875CA49-B41E-47F7-95C0-AB2D27DCD726}.Release|Any CPU.Build.0 = Release|Any CPU
		{3529AAE6-01D0-4B77-9CD6-0584AB67772C}.Debug|Any CPU.ActiveCfg = Debug|Any CPU
		{3529AAE6-01D0-4B77-9CD6-0584AB67772C}.Debug|Any CPU.Build.0 = Debug|Any CPU
		{3529AAE6-01D0-4B77-9CD6-0584AB67772C}.Release|Any CPU.ActiveCfg = Release|Any CPU
		{3529AAE6-01D0-4B77-9CD6-0584AB67772C}.Release|Any CPU.Build.0 = Release|Any CPU
	EndGlobalSection
	GlobalSection(SolutionProperties) = preSolution
		HideSolutionNode = FALSE
	EndGlobalSection
	GlobalSection(NestedProjects) = preSolution
		{F3D3155D-A4BE-48D2-B0B7-4A49A7335612} = {57E7CC7A-223A-40B7-A8D0-67EE96BDFF68}
		{1781AE7F-2282-4092-8CD6-4E1759068CBA} = {F805A04D-192E-4DE3-A53E-5D8F27F8A6FD}
		{19A2D0AD-4CEB-4AD4-A4B3-FEF9613ECF05} = {7BCA62F7-DE17-4089-8A69-566D29E149AE}
		{37E87167-41A1-42F4-8A6B-4A9B35B54570} = {F805A04D-192E-4DE3-A53E-5D8F27F8A6FD}
		{48BFDAA4-4F96-407A-8B63-158F8EBB487A} = {7BCA62F7-DE17-4089-8A69-566D29E149AE}
		{2933B2CA-DD09-4055-AE87-9711C97C1CEB} = {544BE0C9-5B18-4752-B1A3-69D63A68BE70}
		{799CBDD5-5567-4CEC-9553-FD8D664B3000} = {7BCA62F7-DE17-4089-8A69-566D29E149AE}
		{1775A4C5-C151-4FDB-BC91-BAC7B6F3EC19} = {F805A04D-192E-4DE3-A53E-5D8F27F8A6FD}
		{9FE2993B-CAEF-45A1-A75A-8E25ED1DB83E} = {7BCA62F7-DE17-4089-8A69-566D29E149AE}
		{3D35EA76-A485-4DFD-87C7-BA4E388CDE20} = {B5385F34-DDF5-403D-ACC2-0AA88C16AD1C}
		{3F2CEC51-B233-4E42-9CE6-B893796C8BF8} = {CB8CFE66-70EE-42FD-9621-B3E0C0F675A0}
		{DC726280-2CD1-4C32-81BE-853B2DC61F1A} = {8D1BF29B-44AD-438C-9F36-6F792D4B00CD}
		{217D46C8-1C9B-46A8-BAC6-D49A7F249ED0} = {F805A04D-192E-4DE3-A53E-5D8F27F8A6FD}
		{8875CA49-B41E-47F7-95C0-AB2D27DCD726} = {7BCA62F7-DE17-4089-8A69-566D29E149AE}
		{3529AAE6-01D0-4B77-9CD6-0584AB67772C} = {B0C252FE-25DD-4034-98B3-463CB16EBE93}
	EndGlobalSection
	GlobalSection(ExtensibilityGlobals) = postSolution
		SolutionGuid = {55BA1A7D-AC55-49AF-818E-D3E934FE360C}
	EndGlobalSection
EndGlobal
